// !$*UTF8*$!
{
	archiveVersion = 1;
	classes = {
	};
	objectVersion = 56;
	objects = {

/* Begin PBXBuildFile section */
		FE020BAD29FE266800A3F795 /* App_movilidadApp.swift in Sources */ = {isa = PBXBuildFile; fileRef = FE020BAC29FE266800A3F795 /* App_movilidadApp.swift */; };
		FE020BAF29FE266800A3F795 /* vista1.swift in Sources */ = {isa = PBXBuildFile; fileRef = FE020BAE29FE266800A3F795 /* vista1.swift */; };
		FE020BB129FE266900A3F795 /* Assets.xcassets in Resources */ = {isa = PBXBuildFile; fileRef = FE020BB029FE266900A3F795 /* Assets.xcassets */; };
		FE020BB429FE266900A3F795 /* Preview Assets.xcassets in Resources */ = {isa = PBXBuildFile; fileRef = FE020BB329FE266900A3F795 /* Preview Assets.xcassets */; };
		FE020BBE29FE266900A3F795 /* App_movilidadTests.swift in Sources */ = {isa = PBXBuildFile; fileRef = FE020BBD29FE266900A3F795 /* App_movilidadTests.swift */; };
		FE020BC829FE266900A3F795 /* App_movilidadUITests.swift in Sources */ = {isa = PBXBuildFile; fileRef = FE020BC729FE266900A3F795 /* App_movilidadUITests.swift */; };
		FE020BCA29FE266900A3F795 /* App_movilidadUITestsLaunchTests.swift in Sources */ = {isa = PBXBuildFile; fileRef = FE020BC929FE266900A3F795 /* App_movilidadUITestsLaunchTests.swift */; };
		FE70E71D29FF2D7800FECF11 /* App_Base.xcdatamodeld in Sources */ = {isa = PBXBuildFile; fileRef = FE70E71B29FF2D7800FECF11 /* App_Base.xcdatamodeld */; };
		FE70E71F29FF2DA300FECF11 /* DataControllerDB.swift in Sources */ = {isa = PBXBuildFile; fileRef = FE70E71E29FF2DA300FECF11 /* DataControllerDB.swift */; };
/* End PBXBuildFile section */

/* Begin PBXContainerItemProxy section */
		FE020BBA29FE266900A3F795 /* PBXContainerItemProxy */ = {
			isa = PBXContainerItemProxy;
			containerPortal = FE020BA129FE266800A3F795 /* Project object */;
			proxyType = 1;
			remoteGlobalIDString = FE020BA829FE266800A3F795;
			remoteInfo = "App-movilidad";
		};
		FE020BC429FE266900A3F795 /* PBXContainerItemProxy */ = {
			isa = PBXContainerItemProxy;
			containerPortal = FE020BA129FE266800A3F795 /* Project object */;
			proxyType = 1;
			remoteGlobalIDString = FE020BA829FE266800A3F795;
			remoteInfo = "App-movilidad";
		};
/* End PBXContainerItemProxy section */

/* Begin PBXFileReference section */
		FE020BA929FE266800A3F795 /* App-movilidad.app */ = {isa = PBXFileReference; explicitFileType = wrapper.application; includeInIndex = 0; path = "App-movilidad.app"; sourceTree = BUILT_PRODUCTS_DIR; };
		FE020BAC29FE266800A3F795 /* App_movilidadApp.swift */ = {isa = PBXFileReference; lastKnownFileType = sourcecode.swift; path = App_movilidadApp.swift; sourceTree = "<group>"; };
		FE020BAE29FE266800A3F795 /* vista1.swift */ = {isa = PBXFileReference; lastKnownFileType = sourcecode.swift; path = vista1.swift; sourceTree = "<group>"; };
		FE020BB029FE266900A3F795 /* Assets.xcassets */ = {isa = PBXFileReference; lastKnownFileType = folder.assetcatalog; path = Assets.xcassets; sourceTree = "<group>"; };
		FE020BB329FE266900A3F795 /* Preview Assets.xcassets */ = {isa = PBXFileReference; lastKnownFileType = folder.assetcatalog; path = "Preview Assets.xcassets"; sourceTree = "<group>"; };
		FE020BB929FE266900A3F795 /* App-movilidadTests.xctest */ = {isa = PBXFileReference; explicitFileType = wrapper.cfbundle; includeInIndex = 0; path = "App-movilidadTests.xctest"; sourceTree = BUILT_PRODUCTS_DIR; };
		FE020BBD29FE266900A3F795 /* App_movilidadTests.swift */ = {isa = PBXFileReference; lastKnownFileType = sourcecode.swift; path = App_movilidadTests.swift; sourceTree = "<group>"; };
		FE020BC329FE266900A3F795 /* App-movilidadUITests.xctest */ = {isa = PBXFileReference; explicitFileType = wrapper.cfbundle; includeInIndex = 0; path = "App-movilidadUITests.xctest"; sourceTree = BUILT_PRODUCTS_DIR; };
		FE020BC729FE266900A3F795 /* App_movilidadUITests.swift */ = {isa = PBXFileReference; lastKnownFileType = sourcecode.swift; path = App_movilidadUITests.swift; sourceTree = "<group>"; };
		FE020BC929FE266900A3F795 /* App_movilidadUITestsLaunchTests.swift */ = {isa = PBXFileReference; lastKnownFileType = sourcecode.swift; path = App_movilidadUITestsLaunchTests.swift; sourceTree = "<group>"; };
		FE70E71C29FF2D7800FECF11 /* App_Base.xcdatamodel */ = {isa = PBXFileReference; lastKnownFileType = wrapper.xcdatamodel; path = App_Base.xcdatamodel; sourceTree = "<group>"; };
		FE70E71E29FF2DA300FECF11 /* DataControllerDB.swift */ = {isa = PBXFileReference; lastKnownFileType = sourcecode.swift; path = DataControllerDB.swift; sourceTree = "<group>"; };
/* End PBXFileReference section */

/* Begin PBXFrameworksBuildPhase section */
		FE020BA629FE266800A3F795 /* Frameworks */ = {
			isa = PBXFrameworksBuildPhase;
			buildActionMask = 2147483647;
			files = (
			);
			runOnlyForDeploymentPostprocessing = 0;
		};
		FE020BB629FE266900A3F795 /* Frameworks */ = {
			isa = PBXFrameworksBuildPhase;
			buildActionMask = 2147483647;
			files = (
			);
			runOnlyForDeploymentPostprocessing = 0;
		};
		FE020BC029FE266900A3F795 /* Frameworks */ = {
			isa = PBXFrameworksBuildPhase;
			buildActionMask = 2147483647;
			files = (
			);
			runOnlyForDeploymentPostprocessing = 0;
		};
/* End PBXFrameworksBuildPhase section */

/* Begin PBXGroup section */
		FE020BA029FE266800A3F795 = {
			isa = PBXGroup;
			children = (
				FE020BAB29FE266800A3F795 /* App-movilidad */,
				FE020BBC29FE266900A3F795 /* App-movilidadTests */,
				FE020BC629FE266900A3F795 /* App-movilidadUITests */,
				FE020BAA29FE266800A3F795 /* Products */,
			);
			sourceTree = "<group>";
		};
		FE020BAA29FE266800A3F795 /* Products */ = {
			isa = PBXGroup;
			children = (
				FE020BA929FE266800A3F795 /* App-movilidad.app */,
				FE020BB929FE266900A3F795 /* App-movilidadTests.xctest */,
				FE020BC329FE266900A3F795 /* App-movilidadUITests.xctest */,
			);
			name = Products;
			sourceTree = "<group>";
		};
		FE020BAB29FE266800A3F795 /* App-movilidad */ = {
			isa = PBXGroup;
			children = (
				FE70E71A29FF2D3400FECF11 /* DataModel */,
				FE020BAC29FE266800A3F795 /* App_movilidadApp.swift */,
				FE020BAE29FE266800A3F795 /* vista1.swift */,
				FE020BB029FE266900A3F795 /* Assets.xcassets */,
				FE020BB229FE266900A3F795 /* Preview Content */,
			);
			path = "App-movilidad";
			sourceTree = "<group>";
		};
		FE020BB229FE266900A3F795 /* Preview Content */ = {
			isa = PBXGroup;
			children = (
				FE020BB329FE266900A3F795 /* Preview Assets.xcassets */,
			);
			path = "Preview Content";
			sourceTree = "<group>";
		};
		FE020BBC29FE266900A3F795 /* App-movilidadTests */ = {
			isa = PBXGroup;
			children = (
				FE020BBD29FE266900A3F795 /* App_movilidadTests.swift */,
			);
			path = "App-movilidadTests";
			sourceTree = "<group>";
		};
		FE020BC629FE266900A3F795 /* App-movilidadUITests */ = {
			isa = PBXGroup;
			children = (
				FE020BC729FE266900A3F795 /* App_movilidadUITests.swift */,
				FE020BC929FE266900A3F795 /* App_movilidadUITestsLaunchTests.swift */,
			);
			path = "App-movilidadUITests";
			sourceTree = "<group>";
		};
		FE70E71A29FF2D3400FECF11 /* DataModel */ = {
			isa = PBXGroup;
			children = (
				FE70E71B29FF2D7800FECF11 /* App_Base.xcdatamodeld */,
				FE70E71E29FF2DA300FECF11 /* DataControllerDB.swift */,
			);
			path = DataModel;
			sourceTree = "<group>";
		};
/* End PBXGroup section */

/* Begin PBXNativeTarget section */
		FE020BA829FE266800A3F795 /* App-movilidad */ = {
			isa = PBXNativeTarget;
			buildConfigurationList = FE020BCD29FE266900A3F795 /* Build configuration list for PBXNativeTarget "App-movilidad" */;
			buildPhases = (
				FE020BA529FE266800A3F795 /* Sources */,
				FE020BA629FE266800A3F795 /* Frameworks */,
				FE020BA729FE266800A3F795 /* Resources */,
			);
			buildRules = (
			);
			dependencies = (
			);
			name = "App-movilidad";
			productName = "App-movilidad";
			productReference = FE020BA929FE266800A3F795 /* App-movilidad.app */;
			productType = "com.apple.product-type.application";
		};
		FE020BB829FE266900A3F795 /* App-movilidadTests */ = {
			isa = PBXNativeTarget;
			buildConfigurationList = FE020BD029FE266900A3F795 /* Build configuration list for PBXNativeTarget "App-movilidadTests" */;
			buildPhases = (
				FE020BB529FE266900A3F795 /* Sources */,
				FE020BB629FE266900A3F795 /* Frameworks */,
				FE020BB729FE266900A3F795 /* Resources */,
			);
			buildRules = (
			);
			dependencies = (
				FE020BBB29FE266900A3F795 /* PBXTargetDependency */,
			);
			name = "App-movilidadTests";
			productName = "App-movilidadTests";
			productReference = FE020BB929FE266900A3F795 /* App-movilidadTests.xctest */;
			productType = "com.apple.product-type.bundle.unit-test";
		};
		FE020BC229FE266900A3F795 /* App-movilidadUITests */ = {
			isa = PBXNativeTarget;
			buildConfigurationList = FE020BD329FE266900A3F795 /* Build configuration list for PBXNativeTarget "App-movilidadUITests" */;
			buildPhases = (
				FE020BBF29FE266900A3F795 /* Sources */,
				FE020BC029FE266900A3F795 /* Frameworks */,
				FE020BC129FE266900A3F795 /* Resources */,
			);
			buildRules = (
			);
			dependencies = (
				FE020BC529FE266900A3F795 /* PBXTargetDependency */,
			);
			name = "App-movilidadUITests";
			productName = "App-movilidadUITests";
			productReference = FE020BC329FE266900A3F795 /* App-movilidadUITests.xctest */;
			productType = "com.apple.product-type.bundle.ui-testing";
		};
/* End PBXNativeTarget section */

/* Begin PBXProject section */
		FE020BA129FE266800A3F795 /* Project object */ = {
			isa = PBXProject;
			attributes = {
				BuildIndependentTargetsInParallel = 1;
				LastSwiftUpdateCheck = 1410;
				LastUpgradeCheck = 1410;
				TargetAttributes = {
					FE020BA829FE266800A3F795 = {
						CreatedOnToolsVersion = 14.1;
					};
					FE020BB829FE266900A3F795 = {
						CreatedOnToolsVersion = 14.1;
						TestTargetID = FE020BA829FE266800A3F795;
					};
					FE020BC229FE266900A3F795 = {
						CreatedOnToolsVersion = 14.1;
						TestTargetID = FE020BA829FE266800A3F795;
					};
				};
			};
			buildConfigurationList = FE020BA429FE266800A3F795 /* Build configuration list for PBXProject "App-movilidad" */;
			compatibilityVersion = "Xcode 14.0";
			developmentRegion = en;
			hasScannedForEncodings = 0;
			knownRegions = (
				en,
				Base,
			);
			mainGroup = FE020BA029FE266800A3F795;
			productRefGroup = FE020BAA29FE266800A3F795 /* Products */;
			projectDirPath = "";
			projectRoot = "";
			targets = (
				FE020BA829FE266800A3F795 /* App-movilidad */,
				FE020BB829FE266900A3F795 /* App-movilidadTests */,
				FE020BC229FE266900A3F795 /* App-movilidadUITests */,
			);
		};
/* End PBXProject section */

/* Begin PBXResourcesBuildPhase section */
		FE020BA729FE266800A3F795 /* Resources */ = {
			isa = PBXResourcesBuildPhase;
			buildActionMask = 2147483647;
			files = (
				FE020BB429FE266900A3F795 /* Preview Assets.xcassets in Resources */,
				FE020BB129FE266900A3F795 /* Assets.xcassets in Resources */,
			);
			runOnlyForDeploymentPostprocessing = 0;
		};
		FE020BB729FE266900A3F795 /* Resources */ = {
			isa = PBXResourcesBuildPhase;
			buildActionMask = 2147483647;
			files = (
			);
			runOnlyForDeploymentPostprocessing = 0;
		};
		FE020BC129FE266900A3F795 /* Resources */ = {
			isa = PBXResourcesBuildPhase;
			buildActionMask = 2147483647;
			files = (
			);
			runOnlyForDeploymentPostprocessing = 0;
		};
/* End PBXResourcesBuildPhase section */

/* Begin PBXSourcesBuildPhase section */
		FE020BA529FE266800A3F795 /* Sources */ = {
			isa = PBXSourcesBuildPhase;
			buildActionMask = 2147483647;
			files = (
				FE70E71D29FF2D7800FECF11 /* App_Base.xcdatamodeld in Sources */,
				FE70E71F29FF2DA300FECF11 /* DataControllerDB.swift in Sources */,
				FE020BAF29FE266800A3F795 /* vista1.swift in Sources */,
				FE020BAD29FE266800A3F795 /* App_movilidadApp.swift in Sources */,
			);
			runOnlyForDeploymentPostprocessing = 0;
		};
		FE020BB529FE266900A3F795 /* Sources */ = {
			isa = PBXSourcesBuildPhase;
			buildActionMask = 2147483647;
			files = (
				FE020BBE29FE266900A3F795 /* App_movilidadTests.swift in Sources */,
			);
			runOnlyForDeploymentPostprocessing = 0;
		};
		FE020BBF29FE266900A3F795 /* Sources */ = {
			isa = PBXSourcesBuildPhase;
			buildActionMask = 2147483647;
			files = (
				FE020BCA29FE266900A3F795 /* App_movilidadUITestsLaunchTests.swift in Sources */,
				FE020BC829FE266900A3F795 /* App_movilidadUITests.swift in Sources */,
			);
			runOnlyForDeploymentPostprocessing = 0;
		};
/* End PBXSourcesBuildPhase section */

/* Begin PBXTargetDependency section */
		FE020BBB29FE266900A3F795 /* PBXTargetDependency */ = {
			isa = PBXTargetDependency;
			target = FE020BA829FE266800A3F795 /* App-movilidad */;
			targetProxy = FE020BBA29FE266900A3F795 /* PBXContainerItemProxy */;
		};
		FE020BC529FE266900A3F795 /* PBXTargetDependency */ = {
			isa = PBXTargetDependency;
			target = FE020BA829FE266800A3F795 /* App-movilidad */;
			targetProxy = FE020BC429FE266900A3F795 /* PBXContainerItemProxy */;
		};
/* End PBXTargetDependency section */

/* Begin XCBuildConfiguration section */
		FE020BCB29FE266900A3F795 /* Debug */ = {
			isa = XCBuildConfiguration;
			buildSettings = {
				ALWAYS_SEARCH_USER_PATHS = NO;
				CLANG_ANALYZER_NONNULL = YES;
				CLANG_ANALYZER_NUMBER_OBJECT_CONVERSION = YES_AGGRESSIVE;
				CLANG_CXX_LANGUAGE_STANDARD = "gnu++20";
				CLANG_ENABLE_MODULES = YES;
				CLANG_ENABLE_OBJC_ARC = YES;
				CLANG_ENABLE_OBJC_WEAK = YES;
				CLANG_WARN_BLOCK_CAPTURE_AUTORELEASING = YES;
				CLANG_WARN_BOOL_CONVERSION = YES;
				CLANG_WARN_COMMA = YES;
				CLANG_WARN_CONSTANT_CONVERSION = YES;
				CLANG_WARN_DEPRECATED_OBJC_IMPLEMENTATIONS = YES;
				CLANG_WARN_DIRECT_OBJC_ISA_USAGE = YES_ERROR;
				CLANG_WARN_DOCUMENTATION_COMMENTS = YES;
				CLANG_WARN_EMPTY_BODY = YES;
				CLANG_WARN_ENUM_CONVERSION = YES;
				CLANG_WARN_INFINITE_RECURSION = YES;
				CLANG_WARN_INT_CONVERSION = YES;
				CLANG_WARN_NON_LITERAL_NULL_CONVERSION = YES;
				CLANG_WARN_OBJC_IMPLICIT_RETAIN_SELF = YES;
				CLANG_WARN_OBJC_LITERAL_CONVERSION = YES;
				CLANG_WARN_OBJC_ROOT_CLASS = YES_ERROR;
				CLANG_WARN_QUOTED_INCLUDE_IN_FRAMEWORK_HEADER = YES;
				CLANG_WARN_RANGE_LOOP_ANALYSIS = YES;
				CLANG_WARN_STRICT_PROTOTYPES = YES;
				CLANG_WARN_SUSPICIOUS_MOVE = YES;
				CLANG_WARN_UNGUARDED_AVAILABILITY = YES_AGGRESSIVE;
				CLANG_WARN_UNREACHABLE_CODE = YES;
				CLANG_WARN__DUPLICATE_METHOD_MATCH = YES;
				COPY_PHASE_STRIP = NO;
				DEBUG_INFORMATION_FORMAT = dwarf;
				ENABLE_STRICT_OBJC_MSGSEND = YES;
				ENABLE_TESTABILITY = YES;
				GCC_C_LANGUAGE_STANDARD = gnu11;
				GCC_DYNAMIC_NO_PIC = NO;
				GCC_NO_COMMON_BLOCKS = YES;
				GCC_OPTIMIZATION_LEVEL = 0;
				GCC_PREPROCESSOR_DEFINITIONS = (
					"DEBUG=1",
					"$(inherited)",
				);
				GCC_WARN_64_TO_32_BIT_CONVERSION = YES;
				GCC_WARN_ABOUT_RETURN_TYPE = YES_ERROR;
				GCC_WARN_UNDECLARED_SELECTOR = YES;
				GCC_WARN_UNINITIALIZED_AUTOS = YES_AGGRESSIVE;
				GCC_WARN_UNUSED_FUNCTION = YES;
				GCC_WARN_UNUSED_VARIABLE = YES;
				IPHONEOS_DEPLOYMENT_TARGET = 16.1;
				MTL_ENABLE_DEBUG_INFO = INCLUDE_SOURCE;
				MTL_FAST_MATH = YES;
				ONLY_ACTIVE_ARCH = YES;
				SDKROOT = iphoneos;
				SWIFT_ACTIVE_COMPILATION_CONDITIONS = DEBUG;
				SWIFT_OPTIMIZATION_LEVEL = "-Onone";
			};
			name = Debug;
		};
		FE020BCC29FE266900A3F795 /* Release */ = {
			isa = XCBuildConfiguration;
			buildSettings = {
				ALWAYS_SEARCH_USER_PATHS = NO;
				CLANG_ANALYZER_NONNULL = YES;
				CLANG_ANALYZER_NUMBER_OBJECT_CONVERSION = YES_AGGRESSIVE;
				CLANG_CXX_LANGUAGE_STANDARD = "gnu++20";
				CLANG_ENABLE_MODULES = YES;
				CLANG_ENABLE_OBJC_ARC = YES;
				CLANG_ENABLE_OBJC_WEAK = YES;
				CLANG_WARN_BLOCK_CAPTURE_AUTORELEASING = YES;
				CLANG_WARN_BOOL_CONVERSION = YES;
				CLANG_WARN_COMMA = YES;
				CLANG_WARN_CONSTANT_CONVERSION = YES;
				CLANG_WARN_DEPRECATED_OBJC_IMPLEMENTATIONS = YES;
				CLANG_WARN_DIRECT_OBJC_ISA_USAGE = YES_ERROR;
				CLANG_WARN_DOCUMENTATION_COMMENTS = YES;
				CLANG_WARN_EMPTY_BODY = YES;
				CLANG_WARN_ENUM_CONVERSION = YES;
				CLANG_WARN_INFINITE_RECURSION = YES;
				CLANG_WARN_INT_CONVERSION = YES;
				CLANG_WARN_NON_LITERAL_NULL_CONVERSION = YES;
				CLANG_WARN_OBJC_IMPLICIT_RETAIN_SELF = YES;
				CLANG_WARN_OBJC_LITERAL_CONVERSION = YES;
				CLANG_WARN_OBJC_ROOT_CLASS = YES_ERROR;
				CLANG_WARN_QUOTED_INCLUDE_IN_FRAMEWORK_HEADER = YES;
				CLANG_WARN_RANGE_LOOP_ANALYSIS = YES;
				CLANG_WARN_STRICT_PROTOTYPES = YES;
				CLANG_WARN_SUSPICIOUS_MOVE = YES;
				CLANG_WARN_UNGUARDED_AVAILABILITY = YES_AGGRESSIVE;
				CLANG_WARN_UNREACHABLE_CODE = YES;
				CLANG_WARN__DUPLICATE_METHOD_MATCH = YES;
				COPY_PHASE_STRIP = NO;
				DEBUG_INFORMATION_FORMAT = "dwarf-with-dsym";
				ENABLE_NS_ASSERTIONS = NO;
				ENABLE_STRICT_OBJC_MSGSEND = YES;
				GCC_C_LANGUAGE_STANDARD = gnu11;
				GCC_NO_COMMON_BLOCKS = YES;
				GCC_WARN_64_TO_32_BIT_CONVERSION = YES;
				GCC_WARN_ABOUT_RETURN_TYPE = YES_ERROR;
				GCC_WARN_UNDECLARED_SELECTOR = YES;
				GCC_WARN_UNINITIALIZED_AUTOS = YES_AGGRESSIVE;
				GCC_WARN_UNUSED_FUNCTION = YES;
				GCC_WARN_UNUSED_VARIABLE = YES;
				IPHONEOS_DEPLOYMENT_TARGET = 16.1;
				MTL_ENABLE_DEBUG_INFO = NO;
				MTL_FAST_MATH = YES;
				SDKROOT = iphoneos;
				SWIFT_COMPILATION_MODE = wholemodule;
				SWIFT_OPTIMIZATION_LEVEL = "-O";
				VALIDATE_PRODUCT = YES;
			};
			name = Release;
		};
		FE020BCE29FE266900A3F795 /* Debug */ = {
			isa = XCBuildConfiguration;
			buildSettings = {
				ASSETCATALOG_COMPILER_APPICON_NAME = AppIcon;
				ASSETCATALOG_COMPILER_GLOBAL_ACCENT_COLOR_NAME = AccentColor;
				CODE_SIGN_STYLE = Automatic;
				CURRENT_PROJECT_VERSION = 1;
				DEVELOPMENT_ASSET_PATHS = "\"App-movilidad/Preview Content\"";
				ENABLE_PREVIEWS = YES;
				GENERATE_INFOPLIST_FILE = YES;
				INFOPLIST_KEY_CFBundleDisplayName = "Run ture cdmx";
				INFOPLIST_KEY_UIApplicationSceneManifest_Generation = YES;
				INFOPLIST_KEY_UIApplicationSupportsIndirectInputEvents = YES;
				INFOPLIST_KEY_UILaunchScreen_Generation = YES;
				INFOPLIST_KEY_UISupportedInterfaceOrientations_iPad = "UIInterfaceOrientationPortrait UIInterfaceOrientationPortraitUpsideDown UIInterfaceOrientationLandscapeLeft UIInterfaceOrientationLandscapeRight";
				INFOPLIST_KEY_UISupportedInterfaceOrientations_iPhone = "UIInterfaceOrientationPortrait UIInterfaceOrientationLandscapeLeft UIInterfaceOrientationLandscapeRight";
				LD_RUNPATH_SEARCH_PATHS = (
					"$(inherited)",
					"@executable_path/Frameworks",
				);
				MARKETING_VERSION = 1.0;
				PRODUCT_BUNDLE_IDENTIFIER = "com.Santiago-Avila.App-movilidad";
				PRODUCT_NAME = "$(TARGET_NAME)";
				SWIFT_EMIT_LOC_STRINGS = YES;
				SWIFT_VERSION = 5.0;
				TARGETED_DEVICE_FAMILY = "1,2";
			};
			name = Debug;
		};
		FE020BCF29FE266900A3F795 /* Release */ = {
			isa = XCBuildConfiguration;
			buildSettings = {
				ASSETCATALOG_COMPILER_APPICON_NAME = AppIcon;
				ASSETCATALOG_COMPILER_GLOBAL_ACCENT_COLOR_NAME = AccentColor;
				CODE_SIGN_STYLE = Automatic;
				CURRENT_PROJECT_VERSION = 1;
				DEVELOPMENT_ASSET_PATHS = "\"App-movilidad/Preview Content\"";
				ENABLE_PREVIEWS = YES;
				GENERATE_INFOPLIST_FILE = YES;
				INFOPLIST_KEY_CFBundleDisplayName = "Run ture cdmx";
				INFOPLIST_KEY_UIApplicationSceneManifest_Generation = YES;
				INFOPLIST_KEY_UIApplicationSupportsIndirectInputEvents = YES;
				INFOPLIST_KEY_UILaunchScreen_Generation = YES;
				INFOPLIST_KEY_UISupportedInterfaceOrientations_iPad = "UIInterfaceOrientationPortrait UIInterfaceOrientationPortraitUpsideDown UIInterfaceOrientationLandscapeLeft UIInterfaceOrientationLandscapeRight";
				INFOPLIST_KEY_UISupportedInterfaceOrientations_iPhone = "UIInterfaceOrientationPortrait UIInterfaceOrientationLandscapeLeft UIInterfaceOrientationLandscapeRight";
				LD_RUNPATH_SEARCH_PATHS = (
					"$(inherited)",
					"@executable_path/Frameworks",
				);
				MARKETING_VERSION = 1.0;
				PRODUCT_BUNDLE_IDENTIFIER = "com.Santiago-Avila.App-movilidad";
				PRODUCT_NAME = "$(TARGET_NAME)";
				SWIFT_EMIT_LOC_STRINGS = YES;
				SWIFT_VERSION = 5.0;
				TARGETED_DEVICE_FAMILY = "1,2";
			};
			name = Release;
		};
		FE020BD129FE266900A3F795 /* Debug */ = {
			isa = XCBuildConfiguration;
			buildSettings = {
				ALWAYS_EMBED_SWIFT_STANDARD_LIBRARIES = YES;
				BUNDLE_LOADER = "$(TEST_HOST)";
				CODE_SIGN_STYLE = Automatic;
				CURRENT_PROJECT_VERSION = 1;
				GENERATE_INFOPLIST_FILE = YES;
				IPHONEOS_DEPLOYMENT_TARGET = 16.1;
				MARKETING_VERSION = 1.0;
				PRODUCT_BUNDLE_IDENTIFIER = "com.Santiago-Avila.App-movilidadTests";
				PRODUCT_NAME = "$(TARGET_NAME)";
				SWIFT_EMIT_LOC_STRINGS = NO;
				SWIFT_VERSION = 5.0;
				TARGETED_DEVICE_FAMILY = "1,2";
				TEST_HOST = "$(BUILT_PRODUCTS_DIR)/App-movilidad.app/$(BUNDLE_EXECUTABLE_FOLDER_PATH)/App-movilidad";
			};
			name = Debug;
		};
		FE020BD229FE266900A3F795 /* Release */ = {
			isa = XCBuildConfiguration;
			buildSettings = {
				ALWAYS_EMBED_SWIFT_STANDARD_LIBRARIES = YES;
				BUNDLE_LOADER = "$(TEST_HOST)";
				CODE_SIGN_STYLE = Automatic;
				CURRENT_PROJECT_VERSION = 1;
				GENERATE_INFOPLIST_FILE = YES;
				IPHONEOS_DEPLOYMENT_TARGET = 16.1;
				MARKETING_VERSION = 1.0;
				PRODUCT_BUNDLE_IDENTIFIER = "com.Santiago-Avila.App-movilidadTests";
				PRODUCT_NAME = "$(TARGET_NAME)";
				SWIFT_EMIT_LOC_STRINGS = NO;
				SWIFT_VERSION = 5.0;
				TARGETED_DEVICE_FAMILY = "1,2";
				TEST_HOST = "$(BUILT_PRODUCTS_DIR)/App-movilidad.app/$(BUNDLE_EXECUTABLE_FOLDER_PATH)/App-movilidad";
			};
			name = Release;
		};
		FE020BD429FE266900A3F795 /* Debug */ = {
			isa = XCBuildConfiguration;
			buildSettings = {
				ALWAYS_EMBED_SWIFT_STANDARD_LIBRARIES = YES;
				CODE_SIGN_STYLE = Automatic;
				CURRENT_PROJECT_VERSION = 1;
				GENERATE_INFOPLIST_FILE = YES;
				MARKETING_VERSION = 1.0;
				PRODUCT_BUNDLE_IDENTIFIER = "com.Santiago-Avila.App-movilidadUITests";
				PRODUCT_NAME = "$(TARGET_NAME)";
				SWIFT_EMIT_LOC_STRINGS = NO;
				SWIFT_VERSION = 5.0;
				TARGETED_DEVICE_FAMILY = "1,2";
				TEST_TARGET_NAME = "App-movilidad";
			};
			name = Debug;
		};
		FE020BD529FE266900A3F795 /* Release */ = {
			isa = XCBuildConfiguration;
			buildSettings = {
				ALWAYS_EMBED_SWIFT_STANDARD_LIBRARIES = YES;
				CODE_SIGN_STYLE = Automatic;
				CURRENT_PROJECT_VERSION = 1;
				GENERATE_INFOPLIST_FILE = YES;
				MARKETING_VERSION = 1.0;
				PRODUCT_BUNDLE_IDENTIFIER = "com.Santiago-Avila.App-movilidadUITests";
				PRODUCT_NAME = "$(TARGET_NAME)";
				SWIFT_EMIT_LOC_STRINGS = NO;
				SWIFT_VERSION = 5.0;
				TARGETED_DEVICE_FAMILY = "1,2";
				TEST_TARGET_NAME = "App-movilidad";
			};
			name = Release;
		};
/* End XCBuildConfiguration section */

/* Begin XCConfigurationList section */
		FE020BA429FE266800A3F795 /* Build configuration list for PBXProject "App-movilidad" */ = {
			isa = XCConfigurationList;
			buildConfigurations = (
				FE020BCB29FE266900A3F795 /* Debug */,
				FE020BCC29FE266900A3F795 /* Release */,
			);
			defaultConfigurationIsVisible = 0;
			defaultConfigurationName = Release;
		};
		FE020BCD29FE266900A3F795 /* Build configuration list for PBXNativeTarget "App-movilidad" */ = {
			isa = XCConfigurationList;
			buildConfigurations = (
				FE020BCE29FE266900A3F795 /* Debug */,
				FE020BCF29FE266900A3F795 /* Release */,
			);
			defaultConfigurationIsVisible = 0;
			defaultConfigurationName = Release;
		};
		FE020BD029FE266900A3F795 /* Build configuration list for PBXNativeTarget "App-movilidadTests" */ = {
			isa = XCConfigurationList;
			buildConfigurations = (
				FE020BD129FE266900A3F795 /* Debug */,
				FE020BD229FE266900A3F795 /* Release */,
			);
			defaultConfigurationIsVisible = 0;
			defaultConfigurationName = Release;
		};
		FE020BD329FE266900A3F795 /* Build configuration list for PBXNativeTarget "App-movilidadUITests" */ = {
			isa = XCConfigurationList;
			buildConfigurations = (
				FE020BD429FE266900A3F795 /* Debug */,
				FE020BD529FE266900A3F795 /* Release */,
			);
			defaultConfigurationIsVisible = 0;
			defaultConfigurationName = Release;
		};
/* End XCConfigurationList section */

/* Begin XCVersionGroup section */
		FE70E71B29FF2D7800FECF11 /* App_Base.xcdatamodeld */ = {
			isa = XCVersionGroup;
			children = (
				FE70E71C29FF2D7800FECF11 /* App_Base.xcdatamodel */,
			);
			currentVersion = FE70E71C29FF2D7800FECF11 /* App_Base.xcdatamodel */;
			path = App_Base.xcdatamodeld;
			sourceTree = "<group>";
			versionGroupType = wrapper.xcdatamodel;
		};
/* End XCVersionGroup section */
	};
	rootObject = FE020BA129FE266800A3F795 /* Project object */;
}
